
Microsoft Visual Studio Solution File, Format Version 12.00
# Visual Studio Version 17
VisualStudioVersion = 17.7.34031.279
MinimumVisualStudioVersion = 10.0.40219.1
Project("{9A19103F-16F7-4668-BE54-9A1E7A4F7556}") = "Sort Numbers", "Sort Numbers\Sort Numbers.csproj", "{EE889DFC-348A-4197-9351-E96DDEC8D666}"
EndProject
Project("{9A19103F-16F7-4668-BE54-9A1E7A4F7556}") = "EnglishNameOfTheLastDigit", "EnglishNameOfTheLastDigit\EnglishNameOfTheLastDigit.csproj", "{F2C0BD7C-8DFA-461E-AC9B-5031081B80A5}"
EndProject
Project("{9A19103F-16F7-4668-BE54-9A1E7A4F7556}") = "GamingStore", "GamingStore\GamingStore.csproj", "{6FD6E14B-BF86-46CC-84D3-98BC8040A36A}"
EndProject
Project("{FAE04EC0-301F-11D3-BF4B-00C04F79EFBC}") = "ReverseString", "ReverseString\ReverseString.csproj", "{234C8044-55CA-4D84-8887-9A7B9D57B28D}"
EndProject
Project("{FAE04EC0-301F-11D3-BF4B-00C04F79EFBC}") = "Messages", "Messages\Messages.csproj", "{91F9EFB8-F06C-46FC-9CD2-4F48CF87CD21}"
EndProject
Global
	GlobalSection(SolutionConfigurationPlatforms) = preSolution
		Debug|Any CPU = Debug|Any CPU
		Release|Any CPU = Release|Any CPU
	EndGlobalSection
	GlobalSection(ProjectConfigurationPlatforms) = postSolution
		{EE889DFC-348A-4197-9351-E96DDEC8D666}.Debug|Any CPU.ActiveCfg = Debug|Any CPU
		{EE889DFC-348A-4197-9351-E96DDEC8D666}.Debug|Any CPU.Build.0 = Debug|Any CPU
		{EE889DFC-348A-4197-9351-E96DDEC8D666}.Release|Any CPU.ActiveCfg = Release|Any CPU
		{EE889DFC-348A-4197-9351-E96DDEC8D666}.Release|Any CPU.Build.0 = Release|Any CPU
		{F2C0BD7C-8DFA-461E-AC9B-5031081B80A5}.Debug|Any CPU.ActiveCfg = Debug|Any CPU
		{F2C0BD7C-8DFA-461E-AC9B-5031081B80A5}.Debug|Any CPU.Build.0 = Debug|Any CPU
		{F2C0BD7C-8DFA-461E-AC9B-5031081B80A5}.Release|Any CPU.ActiveCfg = Release|Any CPU
		{F2C0BD7C-8DFA-461E-AC9B-5031081B80A5}.Release|Any CPU.Build.0 = Release|Any CPU
		{6FD6E14B-BF86-46CC-84D3-98BC8040A36A}.Debug|Any CPU.ActiveCfg = Debug|Any CPU
		{6FD6E14B-BF86-46CC-84D3-98BC8040A36A}.Debug|Any CPU.Build.0 = Debug|Any CPU
		{6FD6E14B-BF86-46CC-84D3-98BC8040A36A}.Release|Any CPU.ActiveCfg = Release|Any CPU
		{6FD6E14B-BF86-46CC-84D3-98BC8040A36A}.Release|Any CPU.Build.0 = Release|Any CPU
		{234C8044-55CA-4D84-8887-9A7B9D57B28D}.Debug|Any CPU.ActiveCfg = Debug|Any CPU
		{234C8044-55CA-4D84-8887-9A7B9D57B28D}.Debug|Any CPU.Build.0 = Debug|Any CPU
		{234C8044-55CA-4D84-8887-9A7B9D57B28D}.Release|Any CPU.ActiveCfg = Release|Any CPU
		{234C8044-55CA-4D84-8887-9A7B9D57B28D}.Release|Any CPU.Build.0 = Release|Any CPU
		{91F9EFB8-F06C-46FC-9CD2-4F48CF87CD21}.Debug|Any CPU.ActiveCfg = Debug|Any CPU
		{91F9EFB8-F06C-46FC-9CD2-4F48CF87CD21}.Debug|Any CPU.Build.0 = Debug|Any CPU
		{91F9EFB8-F06C-46FC-9CD2-4F48CF87CD21}.Release|Any CPU.ActiveCfg = Release|Any CPU
		{91F9EFB8-F06C-46FC-9CD2-4F48CF87CD21}.Release|Any CPU.Build.0 = Release|Any CPU
	EndGlobalSection
	GlobalSection(SolutionProperties) = preSolution
		HideSolutionNode = FALSE
	EndGlobalSection
	GlobalSection(ExtensibilityGlobals) = postSolution
		SolutionGuid = {0E37A015-D475-4784-A118-49CF7AD082F0}
	EndGlobalSection
EndGlobal
